
Microsoft Visual Studio Solution File, Format Version 12.00
# Visual Studio 15
VisualStudioVersion = 15.0.27703.2018
MinimumVisualStudioVersion = 10.0.40219.1
Project("{FAE04EC0-301F-11D3-BF4B-00C04F79EFBC}") = "WGApiClient-Core", "WGApiClient-Core.csproj", "{9381ED59-9C60-4A86-AB93-5309054EEBB2}"
EndProject
Global
	GlobalSection(SolutionConfigurationPlatforms) = preSolution
		Debug|Any CPU = Debug|Any CPU
		Release|Any CPU = Release|Any CPU
	EndGlobalSection
	GlobalSection(ProjectConfigurationPlatforms) = postSolution
		{9381ED59-9C60-4A86-AB93-5309054EEBB2}.Debug|Any CPU.ActiveCfg = Debug|Any CPU
		{9381ED59-9C60-4A86-AB93-5309054EEBB2}.Debug|Any CPU.Build.0 = Debug|Any CPU
		{9381ED59-9C60-4A86-AB93-5309054EEBB2}.Release|Any CPU.ActiveCfg = Release|Any CPU
		{9381ED59-9C60-4A86-AB93-5309054EEBB2}.Release|Any CPU.Build.0 = Release|Any CPU
	EndGlobalSection
	GlobalSection(SolutionProperties) = preSolution
		HideSolutionNode = FALSE
	EndGlobalSection
	GlobalSection(ExtensibilityGlobals) = postSolution
		SolutionGuid = {98EB0104-7F13-451E-858A-12841A11B320}
	EndGlobalSection
EndGlobal
